// !$*UTF8*$!
{
	archiveVersion = 1;
	classes = {
	};
	objectVersion = 56;
	objects = {

/* Begin PBXBuildFile section */
		80279C882BB0958900E2F6D2 /* CartView.swift in Sources */ = {isa = PBXBuildFile; fileRef = 80279C872BB0958900E2F6D2 /* CartView.swift */; };
		803903092BB85CDB00582190 /* CartModel.swift in Sources */ = {isa = PBXBuildFile; fileRef = 803903082BB85CDB00582190 /* CartModel.swift */; };
		803A2D102BB7FD4C0027601B /* UserView.swift in Sources */ = {isa = PBXBuildFile; fileRef = 803A2D0F2BB7FD4B0027601B /* UserView.swift */; };
		803A67592BB495A8009B8659 /* Kingfisher in Frameworks */ = {isa = PBXBuildFile; productRef = 803A67582BB495A8009B8659 /* Kingfisher */; };
		803A67602BB49771009B8659 /* ClothingViewModel.swift in Sources */ = {isa = PBXBuildFile; fileRef = 803A675F2BB49771009B8659 /* ClothingViewModel.swift */; };
		804272092BA8B2BC007EF091 /* ExploreView.swift in Sources */ = {isa = PBXBuildFile; fileRef = 804272082BA8B2BC007EF091 /* ExploreView.swift */; };
		8043C7E42BA4BBF300AC670E /* HomeView.swift in Sources */ = {isa = PBXBuildFile; fileRef = 8043C7E32BA4BBF300AC670E /* HomeView.swift */; };
		805E66FB2BB8179F0033DB8C /* SimpleToast in Frameworks */ = {isa = PBXBuildFile; productRef = 805E66FA2BB8179F0033DB8C /* SimpleToast */; };
		808A18672BA21235009F4AA7 /* LumsoClothingApp.swift in Sources */ = {isa = PBXBuildFile; fileRef = 808A18662BA21235009F4AA7 /* LumsoClothingApp.swift */; };
		808A18692BA21235009F4AA7 /* ContentView.swift in Sources */ = {isa = PBXBuildFile; fileRef = 808A18682BA21235009F4AA7 /* ContentView.swift */; };
		808A186B2BA2123B009F4AA7 /* Assets.xcassets in Resources */ = {isa = PBXBuildFile; fileRef = 808A186A2BA2123B009F4AA7 /* Assets.xcassets */; };
		808A186E2BA2123B009F4AA7 /* Preview Assets.xcassets in Resources */ = {isa = PBXBuildFile; fileRef = 808A186D2BA2123B009F4AA7 /* Preview Assets.xcassets */; };
		808A18922BA2311B009F4AA7 /* WelcomeView.swift in Sources */ = {isa = PBXBuildFile; fileRef = 808A18912BA2311B009F4AA7 /* WelcomeView.swift */; };
		80A257F12BB49C2900716156 /* Alamofire in Frameworks */ = {isa = PBXBuildFile; productRef = 80A257F02BB49C2900716156 /* Alamofire */; };
		80A257F32BB49C2900716156 /* AlamofireDynamic in Frameworks */ = {isa = PBXBuildFile; productRef = 80A257F22BB49C2900716156 /* AlamofireDynamic */; };
		80A257F52BB49F6B00716156 /* ClothingModel.swift in Sources */ = {isa = PBXBuildFile; fileRef = 80A257F42BB49F6B00716156 /* ClothingModel.swift */; };
		80DDF9612BB1A40600CC275E /* DetailView.swift in Sources */ = {isa = PBXBuildFile; fileRef = 80DDF9602BB1A40600CC275E /* DetailView.swift */; };
/* End PBXBuildFile section */

/* Begin PBXContainerItemProxy section */
		808A18742BA2123C009F4AA7 /* PBXContainerItemProxy */ = {
			isa = PBXContainerItemProxy;
			containerPortal = 808A185B2BA21235009F4AA7 /* Project object */;
			proxyType = 1;
			remoteGlobalIDString = 808A18622BA21235009F4AA7;
			remoteInfo = LumsoClothing;
		};
		808A187E2BA2123C009F4AA7 /* PBXContainerItemProxy */ = {
			isa = PBXContainerItemProxy;
			containerPortal = 808A185B2BA21235009F4AA7 /* Project object */;
			proxyType = 1;
			remoteGlobalIDString = 808A18622BA21235009F4AA7;
			remoteInfo = LumsoClothing;
		};
/* End PBXContainerItemProxy section */

/* Begin PBXFileReference section */
		80279C872BB0958900E2F6D2 /* CartView.swift */ = {isa = PBXFileReference; lastKnownFileType = sourcecode.swift; path = CartView.swift; sourceTree = "<group>"; };
		803903082BB85CDB00582190 /* CartModel.swift */ = {isa = PBXFileReference; lastKnownFileType = sourcecode.swift; path = CartModel.swift; sourceTree = "<group>"; };
		803A2D0F2BB7FD4B0027601B /* UserView.swift */ = {isa = PBXFileReference; lastKnownFileType = sourcecode.swift; path = UserView.swift; sourceTree = "<group>"; };
		803A675F2BB49771009B8659 /* ClothingViewModel.swift */ = {isa = PBXFileReference; lastKnownFileType = sourcecode.swift; path = ClothingViewModel.swift; sourceTree = "<group>"; };
		804272082BA8B2BC007EF091 /* ExploreView.swift */ = {isa = PBXFileReference; lastKnownFileType = sourcecode.swift; path = ExploreView.swift; sourceTree = "<group>"; };
		8043C7E32BA4BBF300AC670E /* HomeView.swift */ = {isa = PBXFileReference; lastKnownFileType = sourcecode.swift; path = HomeView.swift; sourceTree = "<group>"; };
		808A18632BA21235009F4AA7 /* LumsoClothing.app */ = {isa = PBXFileReference; explicitFileType = wrapper.application; includeInIndex = 0; path = LumsoClothing.app; sourceTree = BUILT_PRODUCTS_DIR; };
		808A18662BA21235009F4AA7 /* LumsoClothingApp.swift */ = {isa = PBXFileReference; lastKnownFileType = sourcecode.swift; path = LumsoClothingApp.swift; sourceTree = "<group>"; };
		808A18682BA21235009F4AA7 /* ContentView.swift */ = {isa = PBXFileReference; lastKnownFileType = sourcecode.swift; path = ContentView.swift; sourceTree = "<group>"; };
		808A186A2BA2123B009F4AA7 /* Assets.xcassets */ = {isa = PBXFileReference; lastKnownFileType = folder.assetcatalog; path = Assets.xcassets; sourceTree = "<group>"; };
		808A186D2BA2123B009F4AA7 /* Preview Assets.xcassets */ = {isa = PBXFileReference; lastKnownFileType = folder.assetcatalog; path = "Preview Assets.xcassets"; sourceTree = "<group>"; };
		808A18732BA2123C009F4AA7 /* LumsoClothingTests.xctest */ = {isa = PBXFileReference; explicitFileType = wrapper.cfbundle; includeInIndex = 0; path = LumsoClothingTests.xctest; sourceTree = BUILT_PRODUCTS_DIR; };
		808A187D2BA2123C009F4AA7 /* LumsoClothingUITests.xctest */ = {isa = PBXFileReference; explicitFileType = wrapper.cfbundle; includeInIndex = 0; path = LumsoClothingUITests.xctest; sourceTree = BUILT_PRODUCTS_DIR; };
		808A18912BA2311B009F4AA7 /* WelcomeView.swift */ = {isa = PBXFileReference; lastKnownFileType = sourcecode.swift; path = WelcomeView.swift; sourceTree = "<group>"; };
		80A257F42BB49F6B00716156 /* ClothingModel.swift */ = {isa = PBXFileReference; lastKnownFileType = sourcecode.swift; path = ClothingModel.swift; sourceTree = "<group>"; };
		80DDF9602BB1A40600CC275E /* DetailView.swift */ = {isa = PBXFileReference; lastKnownFileType = sourcecode.swift; path = DetailView.swift; sourceTree = "<group>"; };
/* End PBXFileReference section */

/* Begin PBXFrameworksBuildPhase section */
		808A18602BA21235009F4AA7 /* Frameworks */ = {
			isa = PBXFrameworksBuildPhase;
			buildActionMask = 2147483647;
			files = (
				805E66FB2BB8179F0033DB8C /* SimpleToast in Frameworks */,
				803A67592BB495A8009B8659 /* Kingfisher in Frameworks */,
				80A257F32BB49C2900716156 /* AlamofireDynamic in Frameworks */,
				80A257F12BB49C2900716156 /* Alamofire in Frameworks */,
			);
			runOnlyForDeploymentPostprocessing = 0;
		};
		808A18702BA2123C009F4AA7 /* Frameworks */ = {
			isa = PBXFrameworksBuildPhase;
			buildActionMask = 2147483647;
			files = (
			);
			runOnlyForDeploymentPostprocessing = 0;
		};
		808A187A2BA2123C009F4AA7 /* Frameworks */ = {
			isa = PBXFrameworksBuildPhase;
			buildActionMask = 2147483647;
			files = (
			);
			runOnlyForDeploymentPostprocessing = 0;
		};
/* End PBXFrameworksBuildPhase section */

/* Begin PBXGroup section */
		803A675B2BB4968F009B8659 /* Models */ = {
			isa = PBXGroup;
			children = (
				80A257F42BB49F6B00716156 /* ClothingModel.swift */,
				803903082BB85CDB00582190 /* CartModel.swift */,
			);
			path = Models;
			sourceTree = "<group>";
		};
		803A675E2BB49727009B8659 /* ViewModels */ = {
			isa = PBXGroup;
			children = (
				803A675F2BB49771009B8659 /* ClothingViewModel.swift */,
			);
			path = ViewModels;
			sourceTree = "<group>";
		};
		808A185A2BA21235009F4AA7 = {
			isa = PBXGroup;
			children = (
				808A18652BA21235009F4AA7 /* LumsoClothing */,
				808A18642BA21235009F4AA7 /* Products */,
			);
			sourceTree = "<group>";
		};
		808A18642BA21235009F4AA7 /* Products */ = {
			isa = PBXGroup;
			children = (
				808A18632BA21235009F4AA7 /* LumsoClothing.app */,
				808A18732BA2123C009F4AA7 /* LumsoClothingTests.xctest */,
				808A187D2BA2123C009F4AA7 /* LumsoClothingUITests.xctest */,
			);
			name = Products;
			sourceTree = "<group>";
		};
		808A18652BA21235009F4AA7 /* LumsoClothing */ = {
			isa = PBXGroup;
			children = (
				808A18902BA230D5009F4AA7 /* Views */,
				803A675B2BB4968F009B8659 /* Models */,
				803A675E2BB49727009B8659 /* ViewModels */,
				808A18662BA21235009F4AA7 /* LumsoClothingApp.swift */,
				808A18682BA21235009F4AA7 /* ContentView.swift */,
				808A186A2BA2123B009F4AA7 /* Assets.xcassets */,
				808A186C2BA2123B009F4AA7 /* Preview Content */,
			);
			path = LumsoClothing;
			sourceTree = "<group>";
		};
		808A186C2BA2123B009F4AA7 /* Preview Content */ = {
			isa = PBXGroup;
			children = (
				808A186D2BA2123B009F4AA7 /* Preview Assets.xcassets */,
			);
			path = "Preview Content";
			sourceTree = "<group>";
		};
		808A18902BA230D5009F4AA7 /* Views */ = {
			isa = PBXGroup;
			children = (
				808A18912BA2311B009F4AA7 /* WelcomeView.swift */,
				8043C7E32BA4BBF300AC670E /* HomeView.swift */,
				804272082BA8B2BC007EF091 /* ExploreView.swift */,
				80279C872BB0958900E2F6D2 /* CartView.swift */,
				80DDF9602BB1A40600CC275E /* DetailView.swift */,
				803A2D0F2BB7FD4B0027601B /* UserView.swift */,
			);
			path = Views;
			sourceTree = "<group>";
		};
/* End PBXGroup section */

/* Begin PBXNativeTarget section */
		808A18622BA21235009F4AA7 /* LumsoClothing */ = {
			isa = PBXNativeTarget;
			buildConfigurationList = 808A18872BA2123C009F4AA7 /* Build configuration list for PBXNativeTarget "LumsoClothing" */;
			buildPhases = (
				808A185F2BA21235009F4AA7 /* Sources */,
				808A18602BA21235009F4AA7 /* Frameworks */,
				808A18612BA21235009F4AA7 /* Resources */,
			);
			buildRules = (
			);
			dependencies = (
			);
			name = LumsoClothing;
			packageProductDependencies = (
				803A67582BB495A8009B8659 /* Kingfisher */,
				80A257F02BB49C2900716156 /* Alamofire */,
				80A257F22BB49C2900716156 /* AlamofireDynamic */,
				805E66FA2BB8179F0033DB8C /* SimpleToast */,
			);
			productName = LumsoClothing;
			productReference = 808A18632BA21235009F4AA7 /* LumsoClothing.app */;
			productType = "com.apple.product-type.application";
		};
		808A18722BA2123C009F4AA7 /* LumsoClothingTests */ = {
			isa = PBXNativeTarget;
			buildConfigurationList = 808A188A2BA2123C009F4AA7 /* Build configuration list for PBXNativeTarget "LumsoClothingTests" */;
			buildPhases = (
				808A186F2BA2123C009F4AA7 /* Sources */,
				808A18702BA2123C009F4AA7 /* Frameworks */,
				808A18712BA2123C009F4AA7 /* Resources */,
			);
			buildRules = (
			);
			dependencies = (
				808A18752BA2123C009F4AA7 /* PBXTargetDependency */,
			);
			name = LumsoClothingTests;
			productName = LumsoClothingTests;
			productReference = 808A18732BA2123C009F4AA7 /* LumsoClothingTests.xctest */;
			productType = "com.apple.product-type.bundle.unit-test";
		};
		808A187C2BA2123C009F4AA7 /* LumsoClothingUITests */ = {
			isa = PBXNativeTarget;
			buildConfigurationList = 808A188D2BA2123C009F4AA7 /* Build configuration list for PBXNativeTarget "LumsoClothingUITests" */;
			buildPhases = (
				808A18792BA2123C009F4AA7 /* Sources */,
				808A187A2BA2123C009F4AA7 /* Frameworks */,
				808A187B2BA2123C009F4AA7 /* Resources */,
			);
			buildRules = (
			);
			dependencies = (
				808A187F2BA2123C009F4AA7 /* PBXTargetDependency */,
			);
			name = LumsoClothingUITests;
			productName = LumsoClothingUITests;
			productReference = 808A187D2BA2123C009F4AA7 /* LumsoClothingUITests.xctest */;
			productType = "com.apple.product-type.bundle.ui-testing";
		};
/* End PBXNativeTarget section */

/* Begin PBXProject section */
		808A185B2BA21235009F4AA7 /* Project object */ = {
			isa = PBXProject;
			attributes = {
				BuildIndependentTargetsInParallel = 1;
				LastSwiftUpdateCheck = 1500;
				LastUpgradeCheck = 1500;
				TargetAttributes = {
					808A18622BA21235009F4AA7 = {
						CreatedOnToolsVersion = 15.0.1;
					};
					808A18722BA2123C009F4AA7 = {
						CreatedOnToolsVersion = 15.0.1;
						TestTargetID = 808A18622BA21235009F4AA7;
					};
					808A187C2BA2123C009F4AA7 = {
						CreatedOnToolsVersion = 15.0.1;
						TestTargetID = 808A18622BA21235009F4AA7;
					};
				};
			};
			buildConfigurationList = 808A185E2BA21235009F4AA7 /* Build configuration list for PBXProject "LumsoClothing" */;
			compatibilityVersion = "Xcode 14.0";
			developmentRegion = en;
			hasScannedForEncodings = 0;
			knownRegions = (
				en,
				Base,
			);
			mainGroup = 808A185A2BA21235009F4AA7;
			packageReferences = (
				803A67572BB495A8009B8659 /* XCRemoteSwiftPackageReference "Kingfisher" */,
				803A675A2BB49642009B8659 /* XCRemoteSwiftPackageReference "Alamofire" */,
				805E66F92BB8179F0033DB8C /* XCRemoteSwiftPackageReference "SimpleToast" */,
			);
			productRefGroup = 808A18642BA21235009F4AA7 /* Products */;
			projectDirPath = "";
			projectRoot = "";
			targets = (
				808A18622BA21235009F4AA7 /* LumsoClothing */,
				808A18722BA2123C009F4AA7 /* LumsoClothingTests */,
				808A187C2BA2123C009F4AA7 /* LumsoClothingUITests */,
			);
		};
/* End PBXProject section */

/* Begin PBXResourcesBuildPhase section */
		808A18612BA21235009F4AA7 /* Resources */ = {
			isa = PBXResourcesBuildPhase;
			buildActionMask = 2147483647;
			files = (
				808A186E2BA2123B009F4AA7 /* Preview Assets.xcassets in Resources */,
				808A186B2BA2123B009F4AA7 /* Assets.xcassets in Resources */,
			);
			runOnlyForDeploymentPostprocessing = 0;
		};
		808A18712BA2123C009F4AA7 /* Resources */ = {
			isa = PBXResourcesBuildPhase;
			buildActionMask = 2147483647;
			files = (
			);
			runOnlyForDeploymentPostprocessing = 0;
		};
		808A187B2BA2123C009F4AA7 /* Resources */ = {
			isa = PBXResourcesBuildPhase;
			buildActionMask = 2147483647;
			files = (
			);
			runOnlyForDeploymentPostprocessing = 0;
		};
/* End PBXResourcesBuildPhase section */

/* Begin PBXSourcesBuildPhase section */
		808A185F2BA21235009F4AA7 /* Sources */ = {
			isa = PBXSourcesBuildPhase;
			buildActionMask = 2147483647;
			files = (
				80279C882BB0958900E2F6D2 /* CartView.swift in Sources */,
				808A18692BA21235009F4AA7 /* ContentView.swift in Sources */,
				8043C7E42BA4BBF300AC670E /* HomeView.swift in Sources */,
				80DDF9612BB1A40600CC275E /* DetailView.swift in Sources */,
				803903092BB85CDB00582190 /* CartModel.swift in Sources */,
				808A18922BA2311B009F4AA7 /* WelcomeView.swift in Sources */,
				80A257F52BB49F6B00716156 /* ClothingModel.swift in Sources */,
				808A18672BA21235009F4AA7 /* LumsoClothingApp.swift in Sources */,
				803A2D102BB7FD4C0027601B /* UserView.swift in Sources */,
				803A67602BB49771009B8659 /* ClothingViewModel.swift in Sources */,
				804272092BA8B2BC007EF091 /* ExploreView.swift in Sources */,
			);
			runOnlyForDeploymentPostprocessing = 0;
		};
		808A186F2BA2123C009F4AA7 /* Sources */ = {
			isa = PBXSourcesBuildPhase;
			buildActionMask = 2147483647;
			files = (
			);
			runOnlyForDeploymentPostprocessing = 0;
		};
		808A18792BA2123C009F4AA7 /* Sources */ = {
			isa = PBXSourcesBuildPhase;
			buildActionMask = 2147483647;
			files = (
			);
			runOnlyForDeploymentPostprocessing = 0;
		};
/* End PBXSourcesBuildPhase section */

/* Begin PBXTargetDependency section */
		808A18752BA2123C009F4AA7 /* PBXTargetDependency */ = {
			isa = PBXTargetDependency;
			target = 808A18622BA21235009F4AA7 /* LumsoClothing */;
			targetProxy = 808A18742BA2123C009F4AA7 /* PBXContainerItemProxy */;
		};
		808A187F2BA2123C009F4AA7 /* PBXTargetDependency */ = {
			isa = PBXTargetDependency;
			target = 808A18622BA21235009F4AA7 /* LumsoClothing */;
			targetProxy = 808A187E2BA2123C009F4AA7 /* PBXContainerItemProxy */;
		};
/* End PBXTargetDependency section */

/* Begin XCBuildConfiguration section */
		808A18852BA2123C009F4AA7 /* Debug */ = {
			isa = XCBuildConfiguration;
			buildSettings = {
				ALWAYS_SEARCH_USER_PATHS = NO;
				ASSETCATALOG_COMPILER_GENERATE_SWIFT_ASSET_SYMBOL_EXTENSIONS = YES;
				CLANG_ANALYZER_NONNULL = YES;
				CLANG_ANALYZER_NUMBER_OBJECT_CONVERSION = YES_AGGRESSIVE;
				CLANG_CXX_LANGUAGE_STANDARD = "gnu++20";
				CLANG_ENABLE_MODULES = YES;
				CLANG_ENABLE_OBJC_ARC = YES;
				CLANG_ENABLE_OBJC_WEAK = YES;
				CLANG_WARN_BLOCK_CAPTURE_AUTORELEASING = YES;
				CLANG_WARN_BOOL_CONVERSION = YES;
				CLANG_WARN_COMMA = YES;
				CLANG_WARN_CONSTANT_CONVERSION = YES;
				CLANG_WARN_DEPRECATED_OBJC_IMPLEMENTATIONS = YES;
				CLANG_WARN_DIRECT_OBJC_ISA_USAGE = YES_ERROR;
				CLANG_WARN_DOCUMENTATION_COMMENTS = YES;
				CLANG_WARN_EMPTY_BODY = YES;
				CLANG_WARN_ENUM_CONVERSION = YES;
				CLANG_WARN_INFINITE_RECURSION = YES;
				CLANG_WARN_INT_CONVERSION = YES;
				CLANG_WARN_NON_LITERAL_NULL_CONVERSION = YES;
				CLANG_WARN_OBJC_IMPLICIT_RETAIN_SELF = YES;
				CLANG_WARN_OBJC_LITERAL_CONVERSION = YES;
				CLANG_WARN_OBJC_ROOT_CLASS = YES_ERROR;
				CLANG_WARN_QUOTED_INCLUDE_IN_FRAMEWORK_HEADER = YES;
				CLANG_WARN_RANGE_LOOP_ANALYSIS = YES;
				CLANG_WARN_STRICT_PROTOTYPES = YES;
				CLANG_WARN_SUSPICIOUS_MOVE = YES;
				CLANG_WARN_UNGUARDED_AVAILABILITY = YES_AGGRESSIVE;
				CLANG_WARN_UNREACHABLE_CODE = YES;
				CLANG_WARN__DUPLICATE_METHOD_MATCH = YES;
				COPY_PHASE_STRIP = NO;
				DEBUG_INFORMATION_FORMAT = dwarf;
				ENABLE_STRICT_OBJC_MSGSEND = YES;
				ENABLE_TESTABILITY = YES;
				ENABLE_USER_SCRIPT_SANDBOXING = YES;
				GCC_C_LANGUAGE_STANDARD = gnu17;
				GCC_DYNAMIC_NO_PIC = NO;
				GCC_NO_COMMON_BLOCKS = YES;
				GCC_OPTIMIZATION_LEVEL = 0;
				GCC_PREPROCESSOR_DEFINITIONS = (
					"DEBUG=1",
					"$(inherited)",
				);
				GCC_WARN_64_TO_32_BIT_CONVERSION = YES;
				GCC_WARN_ABOUT_RETURN_TYPE = YES_ERROR;
				GCC_WARN_UNDECLARED_SELECTOR = YES;
				GCC_WARN_UNINITIALIZED_AUTOS = YES_AGGRESSIVE;
				GCC_WARN_UNUSED_FUNCTION = YES;
				GCC_WARN_UNUSED_VARIABLE = YES;
				IPHONEOS_DEPLOYMENT_TARGET = 17.0;
				LOCALIZATION_PREFERS_STRING_CATALOGS = YES;
				MTL_ENABLE_DEBUG_INFO = INCLUDE_SOURCE;
				MTL_FAST_MATH = YES;
				ONLY_ACTIVE_ARCH = YES;
				SDKROOT = iphoneos;
				SWIFT_ACTIVE_COMPILATION_CONDITIONS = "DEBUG $(inherited)";
				SWIFT_OPTIMIZATION_LEVEL = "-Onone";
			};
			name = Debug;
		};
		808A18862BA2123C009F4AA7 /* Release */ = {
			isa = XCBuildConfiguration;
			buildSettings = {
				ALWAYS_SEARCH_USER_PATHS = NO;
				ASSETCATALOG_COMPILER_GENERATE_SWIFT_ASSET_SYMBOL_EXTENSIONS = YES;
				CLANG_ANALYZER_NONNULL = YES;
				CLANG_ANALYZER_NUMBER_OBJECT_CONVERSION = YES_AGGRESSIVE;
				CLANG_CXX_LANGUAGE_STANDARD = "gnu++20";
				CLANG_ENABLE_MODULES = YES;
				CLANG_ENABLE_OBJC_ARC = YES;
				CLANG_ENABLE_OBJC_WEAK = YES;
				CLANG_WARN_BLOCK_CAPTURE_AUTORELEASING = YES;
				CLANG_WARN_BOOL_CONVERSION = YES;
				CLANG_WARN_COMMA = YES;
				CLANG_WARN_CONSTANT_CONVERSION = YES;
				CLANG_WARN_DEPRECATED_OBJC_IMPLEMENTATIONS = YES;
				CLANG_WARN_DIRECT_OBJC_ISA_USAGE = YES_ERROR;
				CLANG_WARN_DOCUMENTATION_COMMENTS = YES;
				CLANG_WARN_EMPTY_BODY = YES;
				CLANG_WARN_ENUM_CONVERSION = YES;
				CLANG_WARN_INFINITE_RECURSION = YES;
				CLANG_WARN_INT_CONVERSION = YES;
				CLANG_WARN_NON_LITERAL_NULL_CONVERSION = YES;
				CLANG_WARN_OBJC_IMPLICIT_RETAIN_SELF = YES;
				CLANG_WARN_OBJC_LITERAL_CONVERSION = YES;
				CLANG_WARN_OBJC_ROOT_CLASS = YES_ERROR;
				CLANG_WARN_QUOTED_INCLUDE_IN_FRAMEWORK_HEADER = YES;
				CLANG_WARN_RANGE_LOOP_ANALYSIS = YES;
				CLANG_WARN_STRICT_PROTOTYPES = YES;
				CLANG_WARN_SUSPICIOUS_MOVE = YES;
				CLANG_WARN_UNGUARDED_AVAILABILITY = YES_AGGRESSIVE;
				CLANG_WARN_UNREACHABLE_CODE = YES;
				CLANG_WARN__DUPLICATE_METHOD_MATCH = YES;
				COPY_PHASE_STRIP = NO;
				DEBUG_INFORMATION_FORMAT = "dwarf-with-dsym";
				ENABLE_NS_ASSERTIONS = NO;
				ENABLE_STRICT_OBJC_MSGSEND = YES;
				ENABLE_USER_SCRIPT_SANDBOXING = YES;
				GCC_C_LANGUAGE_STANDARD = gnu17;
				GCC_NO_COMMON_BLOCKS = YES;
				GCC_WARN_64_TO_32_BIT_CONVERSION = YES;
				GCC_WARN_ABOUT_RETURN_TYPE = YES_ERROR;
				GCC_WARN_UNDECLARED_SELECTOR = YES;
				GCC_WARN_UNINITIALIZED_AUTOS = YES_AGGRESSIVE;
				GCC_WARN_UNUSED_FUNCTION = YES;
				GCC_WARN_UNUSED_VARIABLE = YES;
				IPHONEOS_DEPLOYMENT_TARGET = 17.0;
				LOCALIZATION_PREFERS_STRING_CATALOGS = YES;
				MTL_ENABLE_DEBUG_INFO = NO;
				MTL_FAST_MATH = YES;
				SDKROOT = iphoneos;
				SWIFT_COMPILATION_MODE = wholemodule;
				VALIDATE_PRODUCT = YES;
			};
			name = Release;
		};
		808A18882BA2123C009F4AA7 /* Debug */ = {
			isa = XCBuildConfiguration;
			buildSettings = {
				ASSETCATALOG_COMPILER_APPICON_NAME = AppIcon;
				ASSETCATALOG_COMPILER_GLOBAL_ACCENT_COLOR_NAME = AccentColor;
				CODE_SIGN_STYLE = Automatic;
				CURRENT_PROJECT_VERSION = 1;
				DEVELOPMENT_ASSET_PATHS = "\"LumsoClothing/Preview Content\"";
				ENABLE_PREVIEWS = YES;
				GENERATE_INFOPLIST_FILE = YES;
				INFOPLIST_KEY_UIApplicationSceneManifest_Generation = YES;
				INFOPLIST_KEY_UIApplicationSupportsIndirectInputEvents = YES;
				INFOPLIST_KEY_UILaunchScreen_Generation = YES;
				INFOPLIST_KEY_UISupportedInterfaceOrientations_iPad = "UIInterfaceOrientationPortrait UIInterfaceOrientationPortraitUpsideDown UIInterfaceOrientationLandscapeLeft UIInterfaceOrientationLandscapeRight";
				INFOPLIST_KEY_UISupportedInterfaceOrientations_iPhone = "UIInterfaceOrientationPortrait UIInterfaceOrientationLandscapeLeft UIInterfaceOrientationLandscapeRight";
				LD_RUNPATH_SEARCH_PATHS = (
					"$(inherited)",
					"@executable_path/Frameworks",
				);
				MARKETING_VERSION = 1.0;
				PRODUCT_BUNDLE_IDENTIFIER = com.rukith.LumsoClothing;
				PRODUCT_NAME = "$(TARGET_NAME)";
				SWIFT_EMIT_LOC_STRINGS = YES;
				SWIFT_VERSION = 5.0;
				TARGETED_DEVICE_FAMILY = "1,2";
			};
			name = Debug;
		};
		808A18892BA2123C009F4AA7 /* Release */ = {
			isa = XCBuildConfiguration;
			buildSettings = {
				ASSETCATALOG_COMPILER_APPICON_NAME = AppIcon;
				ASSETCATALOG_COMPILER_GLOBAL_ACCENT_COLOR_NAME = AccentColor;
				CODE_SIGN_STYLE = Automatic;
				CURRENT_PROJECT_VERSION = 1;
				DEVELOPMENT_ASSET_PATHS = "\"LumsoClothing/Preview Content\"";
				ENABLE_PREVIEWS = YES;
				GENERATE_INFOPLIST_FILE = YES;
				INFOPLIST_KEY_UIApplicationSceneManifest_Generation = YES;
				INFOPLIST_KEY_UIApplicationSupportsIndirectInputEvents = YES;
				INFOPLIST_KEY_UILaunchScreen_Generation = YES;
				INFOPLIST_KEY_UISupportedInterfaceOrientations_iPad = "UIInterfaceOrientationPortrait UIInterfaceOrientationPortraitUpsideDown UIInterfaceOrientationLandscapeLeft UIInterfaceOrientationLandscapeRight";
				INFOPLIST_KEY_UISupportedInterfaceOrientations_iPhone = "UIInterfaceOrientationPortrait UIInterfaceOrientationLandscapeLeft UIInterfaceOrientationLandscapeRight";
				LD_RUNPATH_SEARCH_PATHS = (
					"$(inherited)",
					"@executable_path/Frameworks",
				);
				MARKETING_VERSION = 1.0;
				PRODUCT_BUNDLE_IDENTIFIER = com.rukith.LumsoClothing;
				PRODUCT_NAME = "$(TARGET_NAME)";
				SWIFT_EMIT_LOC_STRINGS = YES;
				SWIFT_VERSION = 5.0;
				TARGETED_DEVICE_FAMILY = "1,2";
			};
			name = Release;
		};
		808A188B2BA2123C009F4AA7 /* Debug */ = {
			isa = XCBuildConfiguration;
			buildSettings = {
				ALWAYS_EMBED_SWIFT_STANDARD_LIBRARIES = YES;
				BUNDLE_LOADER = "$(TEST_HOST)";
				CODE_SIGN_STYLE = Automatic;
				CURRENT_PROJECT_VERSION = 1;
				GENERATE_INFOPLIST_FILE = YES;
				IPHONEOS_DEPLOYMENT_TARGET = 17.0;
				MARKETING_VERSION = 1.0;
				PRODUCT_BUNDLE_IDENTIFIER = com.rukith.LumsoClothingTests;
				PRODUCT_NAME = "$(TARGET_NAME)";
				SWIFT_EMIT_LOC_STRINGS = NO;
				SWIFT_VERSION = 5.0;
				TARGETED_DEVICE_FAMILY = "1,2";
				TEST_HOST = "$(BUILT_PRODUCTS_DIR)/LumsoClothing.app/$(BUNDLE_EXECUTABLE_FOLDER_PATH)/LumsoClothing";
			};
			name = Debug;
		};
		808A188C2BA2123C009F4AA7 /* Release */ = {
			isa = XCBuildConfiguration;
			buildSettings = {
				ALWAYS_EMBED_SWIFT_STANDARD_LIBRARIES = YES;
				BUNDLE_LOADER = "$(TEST_HOST)";
				CODE_SIGN_STYLE = Automatic;
				CURRENT_PROJECT_VERSION = 1;
				GENERATE_INFOPLIST_FILE = YES;
				IPHONEOS_DEPLOYMENT_TARGET = 17.0;
				MARKETING_VERSION = 1.0;
				PRODUCT_BUNDLE_IDENTIFIER = com.rukith.LumsoClothingTests;
				PRODUCT_NAME = "$(TARGET_NAME)";
				SWIFT_EMIT_LOC_STRINGS = NO;
				SWIFT_VERSION = 5.0;
				TARGETED_DEVICE_FAMILY = "1,2";
				TEST_HOST = "$(BUILT_PRODUCTS_DIR)/LumsoClothing.app/$(BUNDLE_EXECUTABLE_FOLDER_PATH)/LumsoClothing";
			};
			name = Release;
		};
		808A188E2BA2123C009F4AA7 /* Debug */ = {
			isa = XCBuildConfiguration;
			buildSettings = {
				ALWAYS_EMBED_SWIFT_STANDARD_LIBRARIES = YES;
				CODE_SIGN_STYLE = Automatic;
				CURRENT_PROJECT_VERSION = 1;
				GENERATE_INFOPLIST_FILE = YES;
				MARKETING_VERSION = 1.0;
				PRODUCT_BUNDLE_IDENTIFIER = com.rukith.LumsoClothingUITests;
				PRODUCT_NAME = "$(TARGET_NAME)";
				SWIFT_EMIT_LOC_STRINGS = NO;
				SWIFT_VERSION = 5.0;
				TARGETED_DEVICE_FAMILY = "1,2";
				TEST_TARGET_NAME = LumsoClothing;
			};
			name = Debug;
		};
		808A188F2BA2123C009F4AA7 /* Release */ = {
			isa = XCBuildConfiguration;
			buildSettings = {
				ALWAYS_EMBED_SWIFT_STANDARD_LIBRARIES = YES;
				CODE_SIGN_STYLE = Automatic;
				CURRENT_PROJECT_VERSION = 1;
				GENERATE_INFOPLIST_FILE = YES;
				MARKETING_VERSION = 1.0;
				PRODUCT_BUNDLE_IDENTIFIER = com.rukith.LumsoClothingUITests;
				PRODUCT_NAME = "$(TARGET_NAME)";
				SWIFT_EMIT_LOC_STRINGS = NO;
				SWIFT_VERSION = 5.0;
				TARGETED_DEVICE_FAMILY = "1,2";
				TEST_TARGET_NAME = LumsoClothing;
			};
			name = Release;
		};
/* End XCBuildConfiguration section */

/* Begin XCConfigurationList section */
		808A185E2BA21235009F4AA7 /* Build configuration list for PBXProject "LumsoClothing" */ = {
			isa = XCConfigurationList;
			buildConfigurations = (
				808A18852BA2123C009F4AA7 /* Debug */,
				808A18862BA2123C009F4AA7 /* Release */,
			);
			defaultConfigurationIsVisible = 0;
			defaultConfigurationName = Release;
		};
		808A18872BA2123C009F4AA7 /* Build configuration list for PBXNativeTarget "LumsoClothing" */ = {
			isa = XCConfigurationList;
			buildConfigurations = (
				808A18882BA2123C009F4AA7 /* Debug */,
				808A18892BA2123C009F4AA7 /* Release */,
			);
			defaultConfigurationIsVisible = 0;
			defaultConfigurationName = Release;
		};
		808A188A2BA2123C009F4AA7 /* Build configuration list for PBXNativeTarget "LumsoClothingTests" */ = {
			isa = XCConfigurationList;
			buildConfigurations = (
				808A188B2BA2123C009F4AA7 /* Debug */,
				808A188C2BA2123C009F4AA7 /* Release */,
			);
			defaultConfigurationIsVisible = 0;
			defaultConfigurationName = Release;
		};
		808A188D2BA2123C009F4AA7 /* Build configuration list for PBXNativeTarget "LumsoClothingUITests" */ = {
			isa = XCConfigurationList;
			buildConfigurations = (
				808A188E2BA2123C009F4AA7 /* Debug */,
				808A188F2BA2123C009F4AA7 /* Release */,
			);
			defaultConfigurationIsVisible = 0;
			defaultConfigurationName = Release;
		};
/* End XCConfigurationList section */

/* Begin XCRemoteSwiftPackageReference section */
		803A67572BB495A8009B8659 /* XCRemoteSwiftPackageReference "Kingfisher" */ = {
			isa = XCRemoteSwiftPackageReference;
			repositoryURL = "https://github.com/onevcat/Kingfisher.git";
			requirement = {
				kind = upToNextMajorVersion;
				minimumVersion = 7.11.0;
			};
		};
		803A675A2BB49642009B8659 /* XCRemoteSwiftPackageReference "Alamofire" */ = {
			isa = XCRemoteSwiftPackageReference;
			repositoryURL = "https://github.com/Alamofire/Alamofire.git";
			requirement = {
				kind = upToNextMajorVersion;
				minimumVersion = 5.9.0;
			};
		};
		805E66F92BB8179F0033DB8C /* XCRemoteSwiftPackageReference "SimpleToast" */ = {
			isa = XCRemoteSwiftPackageReference;
			repositoryURL = "https://github.com/sanzaru/SimpleToast";
			requirement = {
				kind = upToNextMajorVersion;
				minimumVersion = 0.8.1;
			};
		};
/* End XCRemoteSwiftPackageReference section */

/* Begin XCSwiftPackageProductDependency section */
		803A67582BB495A8009B8659 /* Kingfisher */ = {
			isa = XCSwiftPackageProductDependency;
			package = 803A67572BB495A8009B8659 /* XCRemoteSwiftPackageReference "Kingfisher" */;
			productName = Kingfisher;
		};
		805E66FA2BB8179F0033DB8C /* SimpleToast */ = {
			isa = XCSwiftPackageProductDependency;
			package = 805E66F92BB8179F0033DB8C /* XCRemoteSwiftPackageReference "SimpleToast" */;
			productName = SimpleToast;
		};
		80A257F02BB49C2900716156 /* Alamofire */ = {
			isa = XCSwiftPackageProductDependency;
			package = 803A675A2BB49642009B8659 /* XCRemoteSwiftPackageReference "Alamofire" */;
			productName = Alamofire;
		};
		80A257F22BB49C2900716156 /* AlamofireDynamic */ = {
			isa = XCSwiftPackageProductDependency;
			package = 803A675A2BB49642009B8659 /* XCRemoteSwiftPackageReference "Alamofire" */;
			productName = AlamofireDynamic;
		};
/* End XCSwiftPackageProductDependency section */
	};
	rootObject = 808A185B2BA21235009F4AA7 /* Project object */;
}
